{
  "name": "client-app",
  "version": "0.1.0",
  "lockfileVersion": 1,
  "requires": true,
  "dependencies": {
    "@microsoft/signalr": {
      "version": "3.1.3",
      "resolved": "https://registry.npmjs.org/@microsoft/signalr/-/signalr-3.1.3.tgz",
      "integrity": "sha512-jcjzvPDP3VbtmUoTDwgKEjaQ1m4FgSiS00zvybcF8UweAkdWUAYsaMXTISEk7E5nD0jrxyMMdSuPGgw9AcG46w==",
      "dependencies": {
        "ws": {
          "version": "6.2.1",
          "resolved": "https://registry.npmjs.org/ws/-/ws-6.2.1.tgz",
          "integrity": "sha512-GIyAXC2cB7LjvpgMt9EKS2ldqr0MTrORaleiOno6TweZ6r3TKtoFQWay/2PceJ3RuBasOHzXNn5Lrw1X0bEjqA=="
        }
      }
    },
    "@testing-library/jest-dom": {
      "version": "4.2.4",
      "resolved": "https://registry.npmjs.org/@testing-library/jest-dom/-/jest-dom-4.2.4.tgz",
      "integrity": "sha512-j31Bn0rQo12fhCWOUWy9fl7wtqkp7In/YP2p5ZFyRuiiB9Qs3g+hS4gAmDWONbAHcRmVooNJ5eOHQDCOmUFXHg=="
    },
    "@testing-library/react": {
      "version": "9.5.0",
      "resolved": "https://registry.npmjs.org/@testing-library/react/-/react-9.5.0.tgz",
      "integrity": "sha512-di1b+D0p+rfeboHO5W7gTVeZDIK5+maEgstrZbWZSSvxDyfDRkkyBE1AJR5Psd6doNldluXlCWqXriUfqu/9Qg=="
    },
    "@testing-library/user-event": {
      "version": "7.2.1",
      "resolved": "https://registry.npmjs.org/@testing-library/user-event/-/user-event-7.2.1.tgz",
      "integrity": "sha512-oZ0Ib5I4Z2pUEcoo95cT1cr6slco9WY7yiPpG+RGNkj8YcYgJnM7pXmYmorNOReh8MIGcKSqXyeGjxnr8YiZbA=="
    },
    "@types/jest": {
      "version": "24.9.1",
      "resolved": "https://registry.npmjs.org/@types/jest/-/jest-24.9.1.tgz",
      "integrity": "sha512-Fb38HkXSVA4L8fGKEZ6le5bB8r6MRWlOCZbVuWZcmOMSCd2wCYOwN1ibj8daIoV9naq7aaOZjrLCoCMptKU/4Q=="
    },
    "@types/lodash": {
      "version": "4.14.149",
      "resolved": "https://registry.npmjs.org/@types/lodash/-/lodash-4.14.149.tgz",
      "integrity": "sha512-ijGqzZt/b7BfzcK9vTrS6MFljQRPn5BFWOx8oE0GYxribu6uV+aA9zZuXI1zc/etK9E8nrgdoF2+LgUw7+9tJQ=="
    },
    "@types/node": {
      "version": "12.12.30",
      "resolved": "https://registry.npmjs.org/@types/node/-/node-12.12.30.tgz",
      "integrity": "sha512-sz9MF/zk6qVr3pAnM0BSQvYIBK44tS75QC5N+VbWSE4DjCV/pJ+UzCW/F+vVnl7TkOPcuwQureKNtSSwjBTaMg=="
    },
    "@types/react": {
      "version": "16.9.25",
      "resolved": "https://registry.npmjs.org/@types/react/-/react-16.9.25.tgz",
      "integrity": "sha512-Dlj2V72cfYLPNscIG3/SMUOzhzj7GK3bpSrfefwt2YT9GLynvLCCZjbhyF6VsT0q0+aRACRX03TDJGb7cA0cqg=="
    },
    "@types/react-beautiful-dnd": {
      "version": "12.1.2",
      "resolved": "https://registry.npmjs.org/@types/react-beautiful-dnd/-/react-beautiful-dnd-12.1.2.tgz",
      "integrity": "sha512-h+0mA4cHmzL4BhyCniB6ZSSZhfO9LpXXbnhdAfa2k7klS03woiOT+Dh5AchY6eoQXk3vQVtqn40YY3u+MwFs8A=="
    },
    "@types/react-dom": {
      "version": "16.9.5",
      "resolved": "https://registry.npmjs.org/@types/react-dom/-/react-dom-16.9.5.tgz",
      "integrity": "sha512-BX6RQ8s9D+2/gDhxrj8OW+YD4R+8hj7FEM/OJHGNR0KipE1h1mSsf39YeyC81qafkq+N3rU3h3RFbLSwE5VqUg=="
    },
    "@types/react-router-dom": {
      "version": "5.1.3",
      "resolved": "https://registry.npmjs.org/@types/react-router-dom/-/react-router-dom-5.1.3.tgz",
      "integrity": "sha512-pCq7AkOvjE65jkGS5fQwQhvUp4+4PVD9g39gXLZViP2UqFiFzsEpB3PKf0O6mdbKsewSK8N14/eegisa/0CwnA=="
    },
    "@types/react-widgets": {
      "version": "4.4.2",
      "resolved": "https://registry.npmjs.org/@types/react-widgets/-/react-widgets-4.4.2.tgz",
      "integrity": "sha512-HPGzqVaNs8XErprzf0pJcRvbmbybcvAqfHoTYF42lXSV+FsFCc2Ler5Ew/PiMmnDwt17W6IjmiN4nYbVlfBQiA=="
    },
    "@types/revalidate": {
      "version": "1.1.2",
      "resolved": "https://registry.npmjs.org/@types/revalidate/-/revalidate-1.1.2.tgz",
      "integrity": "sha1-JiWWr8ypL/NcSay3TSZssILYvzY="
    },
    "@types/uuid": {
      "version": "3.4.8",
      "resolved": "https://registry.npmjs.org/@types/uuid/-/uuid-3.4.8.tgz",
      "integrity": "sha512-zHWce3allXWSmRx6/AGXKCtSOA7JjeWd2L3t4aHfysNk8mouQnWCocveaT7a4IEIlPVHp81jzlnknqTgCjCLXA=="
    },
    "axios": {
      "version": "0.19.2",
      "resolved": "https://registry.npmjs.org/axios/-/axios-0.19.2.tgz",
      "integrity": "sha512-fjgm5MvRHLhx+osE2xoekY70AhARk3a6hkN+3Io1jc00jtquGvxYlKlsFUhmUET0V5te6CcZI7lcv2Ym61mjHA=="
    },
    "date-fns": {
      "version": "2.11.0",
      "resolved": "https://registry.npmjs.org/date-fns/-/date-fns-2.11.0.tgz",
      "integrity": "sha512-8P1cDi8ebZyDxUyUprBXwidoEtiQAawYPGvpfb+Dg0G6JrQ+VozwOmm91xYC0vAv1+0VmLehEPb+isg4BGUFfA=="
    },
    "final-form": {
      "version": "4.18.7",
      "resolved": "https://registry.npmjs.org/final-form/-/final-form-4.18.7.tgz",
      "integrity": "sha512-XdlYYGDcoUcKKVzRJxLg8N/ZG3wVLZvhO7K7PKQWVMjCiIUWdmtBwApw2NFS4P7RJvg8OdF73qGXhhE3K5PuDQ=="
    },
    "jquery": {
      "version": "3.5.1",
      "resolved": "https://registry.npmjs.org/jquery/-/jquery-3.5.1.tgz",
      "integrity": "sha512-XwIBPqcMn57FxfT+Go5pzySnm4KWkT1Tv7gjrpT1srtf8Weynl6R273VJ5GjkRb51IzMp5nbaPjJXMWeju2MKg=="
    },
    "lodash": {
      "version": "4.17.19",
      "resolved": "https://registry.npmjs.org/lodash/-/lodash-4.17.19.tgz",
      "integrity": "sha512-JNvd8XER9GQX0v2qJgsaN/mzFCNA5BRe/j8JN9d+tWyGLSodKQHKFicdwNYzWwI3wjRnaKPsGj1XkBjx/F96DQ=="
    },
    "mobx": {
      "version": "5.15.4",
      "resolved": "https://registry.npmjs.org/mobx/-/mobx-5.15.4.tgz",
      "integrity": "sha512-xRFJxSU2Im3nrGCdjSuOTFmxVDGeqOHL+TyADCGbT0k4HHqGmx5u2yaHNryvoORpI4DfbzjJ5jPmuv+d7sioFw=="
    },
    "mobx-react-lite": {
      "version": "1.5.2",
      "resolved": "https://registry.npmjs.org/mobx-react-lite/-/mobx-react-lite-1.5.2.tgz",
      "integrity": "sha512-PyZmARqqWtpuQaAoHF5pKX7h6TKNLwq6vtovm4zZvG6sEbMRHHSqioGXSeQbpRmG8Kw8uln3q/W1yMO5IfL5Sg=="
    },
    "react": {
      "version": "16.13.1",
      "resolved": "https://registry.npmjs.org/react/-/react-16.13.1.tgz",
      "integrity": "sha512-YMZQQq32xHLX0bz5Mnibv1/LHb3Sqzngu7xstSM+vrkE5Kzr9xE0yMByK5kMoTK30YVJE61WfbxIFFvfeDKT1w=="
    },
    "react-beautiful-dnd": {
      "version": "13.0.0",
      "resolved": "https://registry.npmjs.org/react-beautiful-dnd/-/react-beautiful-dnd-13.0.0.tgz",
      "integrity": "sha512-87It8sN0ineoC3nBW0SbQuTFXM6bUqM62uJGY4BtTf0yzPl8/3+bHMWkgIe0Z6m8e+gJgjWxefGRVfpE3VcdEg=="
    },
    "react-dom": {
      "version": "16.13.1",
      "resolved": "https://registry.npmjs.org/react-dom/-/react-dom-16.13.1.tgz",
      "integrity": "sha512-81PIMmVLnCNLO/fFOQxdQkvEq/+Hfpv24XNJfpyZhTRfO0QcmQIF/PgCa1zCOj2w1hrn12MFLyaJ/G0+Mxtfag=="
    },
    "react-final-form": {
      "version": "6.3.5",
      "resolved": "https://registry.npmjs.org/react-final-form/-/react-final-form-6.3.5.tgz",
      "integrity": "sha512-btqEp1+n1WO4bUDopBdvUoIuoGHf91n/EOJg0QU5YjhX9CK+4RIsBI0M41lmyT3H6hWv6NELdX5n5zBJyOIXoA=="
    },
    "react-router-dom": {
      "version": "5.1.2",
      "resolved": "https://registry.npmjs.org/react-router-dom/-/react-router-dom-5.1.2.tgz",
      "integrity": "sha512-7BPHAaIwWpZS074UKaw1FjVdZBSVWEk8IuDXdB+OkLb8vd/WRQIpA4ag9WQk61aEfQs47wHyjWUoUGGZxpQXew=="
    },
    "react-scripts": {
      "version": "3.4.0",
      "resolved": "https://registry.npmjs.org/react-scripts/-/react-scripts-3.4.0.tgz",
      "integrity": "sha512-pBqaAroFoHnFAkuX+uSK9Th1uEh2GYdGY2IG1I9/7HmuEf+ls3lLCk1p2GFYRSrLMz6ieQR/SyN6TLIGK3hKRg=="
    },
    "react-toastify": {
      "version": "5.5.0",
      "resolved": "https://registry.npmjs.org/react-toastify/-/react-toastify-5.5.0.tgz",
      "integrity": "sha512-jsVme7jALIFGRyQsri/g4YTsRuaaGI70T6/ikjwZMB4mwTZaCWqj5NqxhGrRStKlJc5npXKKvKeqTiRGQl78LQ=="
    },
    "react-widgets": {
      "version": "4.5.0",
      "resolved": "https://registry.npmjs.org/react-widgets/-/react-widgets-4.5.0.tgz",
      "integrity": "sha512-e/Y9kyLL0xqMQ3vIf3CwLxhGYkqfMGJn98xZ+U98pwZ6JTAY2KSaVA1clx6iE+6/zBdEe8cNOEiTwjZrx5FE/w==",
      "dependencies": {
        "dom-helpers": {
          "version": "3.4.0",
          "resolved": "https://registry.npmjs.org/dom-helpers/-/dom-helpers-3.4.0.tgz",
          "integrity": "sha512-LnuPJ+dwqKDIyotW1VzmOZ5TONUN7CwkCR5hrgawTUbkBGYdeoNLZo6nNfGkCrjtE1nXXaj7iMMpDa8/d9WoIA=="
        },
        "react-transition-group": {
          "version": "2.9.0",
          "resolved": "https://registry.npmjs.org/react-transition-group/-/react-transition-group-2.9.0.tgz",
          "integrity": "sha512-+HzNTCHpeQyl4MJ/bdE0u6XRMe9+XG/+aL4mCxVN4DnPBQ0/5bfHWPDuOZUzYdMj94daZaZdCCc1Dzt9R/xSSg=="
        }
      }
    },
    "react-widgets-date-fns": {
      "version": "4.1.0",
      "resolved": "https://registry.npmjs.org/react-widgets-date-fns/-/react-widgets-date-fns-4.1.0.tgz",
      "integrity": "sha512-1kC4ziEk0KO6TVa9w9CIrQ10FawU8IYWEQKwRiNOnD5utAQrxUgMUmeyUfHNM9jCuc8Gl86596tlib3qQJj4zQ=="
    },
    "revalidate": {
      "version": "1.2.0",
      "resolved": "https://registry.npmjs.org/revalidate/-/revalidate-1.2.0.tgz",
      "integrity": "sha512-lzixPtHjSwjmn9gT3udLn/ItO7lrUfNABcLRfcUv0WX4LJ4s/WGJD1ahbJu5skczZtiV1yJQr2NslOSi8I+CiA=="
    },
    "semantic-ui-css": {
      "version": "2.4.1",
      "resolved": "https://registry.npmjs.org/semantic-ui-css/-/semantic-ui-css-2.4.1.tgz",
      "integrity": "sha512-Pkp0p9oWOxlH0kODx7qFpIRYpK1T4WJOO4lNnpNPOoWKCrYsfHqYSKgk5fHfQtnWnsAKy7nLJMW02bgDWWFZFg==",
      "requires": {
        "jquery": "x.*"
      }
    },
    "semantic-ui-react": {
      "version": "0.88.2",
      "resolved": "https://registry.npmjs.org/semantic-ui-react/-/semantic-ui-react-0.88.2.tgz",
      "integrity": "sha512-+02kN2z8PuA/cMdvDUsHhbJmBzxxgOXVHMFr9XK7zGb0wkW9A6OPQMFokWz7ozlVtKjN6r7zsb+Qvjk/qq1OWw=="
    },
    "shx": {
      "version": "0.3.2",
      "resolved": "https://registry.npmjs.org/shx/-/shx-0.3.2.tgz",
      "integrity": "sha512-aS0mWtW3T2sHAenrSrip2XGv39O9dXIFUqxAEWHEOS1ePtGIBavdPJY1kE2IHl14V/4iCbUiNDPGdyYTtmhSoA==",
      "dev": true
    },
    "typescript": {
      "version": "3.8.3",
      "resolved": "https://registry.npmjs.org/typescript/-/typescript-3.8.3.tgz",
      "integrity": "sha512-MYlEfn5VrLNsgudQTVJeNaQFUAI7DkhnOjdpAp4T+ku1TfQClewlbSuTVHiA+8skNBgaf02TL/kLOvig4y3G8w=="
    },
    "uuid": {
      "version": "3.4.0",
      "resolved": "https://registry.npmjs.org/uuid/-/uuid-3.4.0.tgz",
      "integrity": "sha512-HjSDRw6gZE5JMggctHBcjVak08+KEVhSIiDzFnT9S9aegmp85S/bReBVTb4QTFaRNptJ9kuYaNhnbNEOkbKb/A=="
    }
  }
}
